// !$*UTF8*$!
{
	archiveVersion = 1;
	classes = {
	};
	objectVersion = 50;
	objects = {

/* Begin PBXBuildFile section */
		FE1161F3212A8A8500F9C8D2 /* AppDelegate.swift in Sources */ = {isa = PBXBuildFile; fileRef = FE1161F2212A8A8500F9C8D2 /* AppDelegate.swift */; };
		FE1161F5212A8A8500F9C8D2 /* ViewController.swift in Sources */ = {isa = PBXBuildFile; fileRef = FE1161F4212A8A8500F9C8D2 /* ViewController.swift */; };
		FE1161F8212A8A8500F9C8D2 /* Main.storyboard in Resources */ = {isa = PBXBuildFile; fileRef = FE1161F6212A8A8500F9C8D2 /* Main.storyboard */; };
		FE1161FA212A8A8800F9C8D2 /* Assets.xcassets in Resources */ = {isa = PBXBuildFile; fileRef = FE1161F9212A8A8800F9C8D2 /* Assets.xcassets */; };
		FE1161FD212A8A8800F9C8D2 /* LaunchScreen.storyboard in Resources */ = {isa = PBXBuildFile; fileRef = FE1161FB212A8A8800F9C8D2 /* LaunchScreen.storyboard */; };
		FE116208212A8A8800F9C8D2 /* CanvasTests.swift in Sources */ = {isa = PBXBuildFile; fileRef = FE116207212A8A8800F9C8D2 /* CanvasTests.swift */; };
		FE116213212A8A8800F9C8D2 /* CanvasUITests.swift in Sources */ = {isa = PBXBuildFile; fileRef = FE116212212A8A8800F9C8D2 /* CanvasUITests.swift */; };
/* End PBXBuildFile section */

/* Begin PBXContainerItemProxy section */
		FE116204212A8A8800F9C8D2 /* PBXContainerItemProxy */ = {
			isa = PBXContainerItemProxy;
			containerPortal = FE1161E7212A8A8500F9C8D2 /* Project object */;
			proxyType = 1;
			remoteGlobalIDString = FE1161EE212A8A8500F9C8D2;
			remoteInfo = Canvas;
		};
		FE11620F212A8A8800F9C8D2 /* PBXContainerItemProxy */ = {
			isa = PBXContainerItemProxy;
			containerPortal = FE1161E7212A8A8500F9C8D2 /* Project object */;
			proxyType = 1;
			remoteGlobalIDString = FE1161EE212A8A8500F9C8D2;
			remoteInfo = Canvas;
		};
/* End PBXContainerItemProxy section */

/* Begin PBXFileReference section */
		FE1161EF212A8A8500F9C8D2 /* Canvas.app */ = {isa = PBXFileReference; explicitFileType = wrapper.application; includeInIndex = 0; path = Canvas.app; sourceTree = BUILT_PRODUCTS_DIR; };
		FE1161F2212A8A8500F9C8D2 /* AppDelegate.swift */ = {isa = PBXFileReference; lastKnownFileType = sourcecode.swift; path = AppDelegate.swift; sourceTree = "<group>"; };
		FE1161F4212A8A8500F9C8D2 /* ViewController.swift */ = {isa = PBXFileReference; lastKnownFileType = sourcecode.swift; path = ViewController.swift; sourceTree = "<group>"; };
		FE1161F7212A8A8500F9C8D2 /* Base */ = {isa = PBXFileReference; lastKnownFileType = file.storyboard; name = Base; path = Base.lproj/Main.storyboard; sourceTree = "<group>"; };
		FE1161F9212A8A8800F9C8D2 /* Assets.xcassets */ = {isa = PBXFileReference; lastKnownFileType = folder.assetcatalog; path = Assets.xcassets; sourceTree = "<group>"; };
		FE1161FC212A8A8800F9C8D2 /* Base */ = {isa = PBXFileReference; lastKnownFileType = file.storyboard; name = Base; path = Base.lproj/LaunchScreen.storyboard; sourceTree = "<group>"; };
		FE1161FE212A8A8800F9C8D2 /* Info.plist */ = {isa = PBXFileReference; lastKnownFileType = text.plist.xml; path = Info.plist; sourceTree = "<group>"; };
		FE116203212A8A8800F9C8D2 /* CanvasTests.xctest */ = {isa = PBXFileReference; explicitFileType = wrapper.cfbundle; includeInIndex = 0; path = CanvasTests.xctest; sourceTree = BUILT_PRODUCTS_DIR; };
		FE116207212A8A8800F9C8D2 /* CanvasTests.swift */ = {isa = PBXFileReference; lastKnownFileType = sourcecode.swift; path = CanvasTests.swift; sourceTree = "<group>"; };
		FE116209212A8A8800F9C8D2 /* Info.plist */ = {isa = PBXFileReference; lastKnownFileType = text.plist.xml; path = Info.plist; sourceTree = "<group>"; };
		FE11620E212A8A8800F9C8D2 /* CanvasUITests.xctest */ = {isa = PBXFileReference; explicitFileType = wrapper.cfbundle; includeInIndex = 0; path = CanvasUITests.xctest; sourceTree = BUILT_PRODUCTS_DIR; };
		FE116212212A8A8800F9C8D2 /* CanvasUITests.swift */ = {isa = PBXFileReference; lastKnownFileType = sourcecode.swift; path = CanvasUITests.swift; sourceTree = "<group>"; };
		FE116214212A8A8800F9C8D2 /* Info.plist */ = {isa = PBXFileReference; lastKnownFileType = text.plist.xml; path = Info.plist; sourceTree = "<group>"; };
/* End PBXFileReference section */

/* Begin PBXFrameworksBuildPhase section */
		FE1161EC212A8A8500F9C8D2 /* Frameworks */ = {
			isa = PBXFrameworksBuildPhase;
			buildActionMask = 2147483647;
			files = (
			);
			runOnlyForDeploymentPostprocessing = 0;
		};
		FE116200212A8A8800F9C8D2 /* Frameworks */ = {
			isa = PBXFrameworksBuildPhase;
			buildActionMask = 2147483647;
			files = (
			);
			runOnlyForDeploymentPostprocessing = 0;
		};
		FE11620B212A8A8800F9C8D2 /* Frameworks */ = {
			isa = PBXFrameworksBuildPhase;
			buildActionMask = 2147483647;
			files = (
			);
			runOnlyForDeploymentPostprocessing = 0;
		};
/* End PBXFrameworksBuildPhase section */

/* Begin PBXGroup section */
		FE1161E6212A8A8500F9C8D2 = {
			isa = PBXGroup;
			children = (
				FE1161F1212A8A8500F9C8D2 /* Canvas */,
				FE116206212A8A8800F9C8D2 /* CanvasTests */,
				FE116211212A8A8800F9C8D2 /* CanvasUITests */,
				FE1161F0212A8A8500F9C8D2 /* Products */,
			);
			sourceTree = "<group>";
		};
		FE1161F0212A8A8500F9C8D2 /* Products */ = {
			isa = PBXGroup;
			children = (
				FE1161EF212A8A8500F9C8D2 /* Canvas.app */,
				FE116203212A8A8800F9C8D2 /* CanvasTests.xctest */,
				FE11620E212A8A8800F9C8D2 /* CanvasUITests.xctest */,
			);
			name = Products;
			sourceTree = "<group>";
		};
		FE1161F1212A8A8500F9C8D2 /* Canvas */ = {
			isa = PBXGroup;
			children = (
				FE1161F2212A8A8500F9C8D2 /* AppDelegate.swift */,
				FE1161F4212A8A8500F9C8D2 /* ViewController.swift */,
				FE1161F6212A8A8500F9C8D2 /* Main.storyboard */,
				FE1161F9212A8A8800F9C8D2 /* Assets.xcassets */,
				FE1161FB212A8A8800F9C8D2 /* LaunchScreen.storyboard */,
				FE1161FE212A8A8800F9C8D2 /* Info.plist */,
			);
			path = Canvas;
			sourceTree = "<group>";
		};
		FE116206212A8A8800F9C8D2 /* CanvasTests */ = {
			isa = PBXGroup;
			children = (
				FE116207212A8A8800F9C8D2 /* CanvasTests.swift */,
				FE116209212A8A8800F9C8D2 /* Info.plist */,
			);
			path = CanvasTests;
			sourceTree = "<group>";
		};
		FE116211212A8A8800F9C8D2 /* CanvasUITests */ = {
			isa = PBXGroup;
			children = (
				FE116212212A8A8800F9C8D2 /* CanvasUITests.swift */,
				FE116214212A8A8800F9C8D2 /* Info.plist */,
			);
			path = CanvasUITests;
			sourceTree = "<group>";
		};
/* End PBXGroup section */

/* Begin PBXNativeTarget section */
		FE1161EE212A8A8500F9C8D2 /* Canvas */ = {
			isa = PBXNativeTarget;
			buildConfigurationList = FE116217212A8A8800F9C8D2 /* Build configuration list for PBXNativeTarget "Canvas" */;
			buildPhases = (
				FE1161EB212A8A8500F9C8D2 /* Sources */,
				FE1161EC212A8A8500F9C8D2 /* Frameworks */,
				FE1161ED212A8A8500F9C8D2 /* Resources */,
			);
			buildRules = (
			);
			dependencies = (
			);
			name = Canvas;
			productName = Canvas;
			productReference = FE1161EF212A8A8500F9C8D2 /* Canvas.app */;
			productType = "com.apple.product-type.application";
		};
		FE116202212A8A8800F9C8D2 /* CanvasTests */ = {
			isa = PBXNativeTarget;
			buildConfigurationList = FE11621A212A8A8800F9C8D2 /* Build configuration list for PBXNativeTarget "CanvasTests" */;
			buildPhases = (
				FE1161FF212A8A8800F9C8D2 /* Sources */,
				FE116200212A8A8800F9C8D2 /* Frameworks */,
				FE116201212A8A8800F9C8D2 /* Resources */,
			);
			buildRules = (
			);
			dependencies = (
				FE116205212A8A8800F9C8D2 /* PBXTargetDependency */,
			);
			name = CanvasTests;
			productName = CanvasTests;
			productReference = FE116203212A8A8800F9C8D2 /* CanvasTests.xctest */;
			productType = "com.apple.product-type.bundle.unit-test";
		};
		FE11620D212A8A8800F9C8D2 /* CanvasUITests */ = {
			isa = PBXNativeTarget;
			buildConfigurationList = FE11621D212A8A8800F9C8D2 /* Build configuration list for PBXNativeTarget "CanvasUITests" */;
			buildPhases = (
				FE11620A212A8A8800F9C8D2 /* Sources */,
				FE11620B212A8A8800F9C8D2 /* Frameworks */,
				FE11620C212A8A8800F9C8D2 /* Resources */,
			);
			buildRules = (
			);
			dependencies = (
				FE116210212A8A8800F9C8D2 /* PBXTargetDependency */,
			);
			name = CanvasUITests;
			productName = CanvasUITests;
			productReference = FE11620E212A8A8800F9C8D2 /* CanvasUITests.xctest */;
			productType = "com.apple.product-type.bundle.ui-testing";
		};
/* End PBXNativeTarget section */

/* Begin PBXProject section */
		FE1161E7212A8A8500F9C8D2 /* Project object */ = {
			isa = PBXProject;
			attributes = {
				LastSwiftUpdateCheck = 0940;
				LastUpgradeCheck = 0940;
				ORGANIZATIONNAME = Sachitha;
				TargetAttributes = {
					FE1161EE212A8A8500F9C8D2 = {
						CreatedOnToolsVersion = 9.4.1;
					};
					FE116202212A8A8800F9C8D2 = {
						CreatedOnToolsVersion = 9.4.1;
						TestTargetID = FE1161EE212A8A8500F9C8D2;
					};
					FE11620D212A8A8800F9C8D2 = {
						CreatedOnToolsVersion = 9.4.1;
						TestTargetID = FE1161EE212A8A8500F9C8D2;
					};
				};
			};
			buildConfigurationList = FE1161EA212A8A8500F9C8D2 /* Build configuration list for PBXProject "Canvas" */;
			compatibilityVersion = "Xcode 9.3";
			developmentRegion = en;
			hasScannedForEncodings = 0;
			knownRegions = (
				en,
				Base,
			);
			mainGroup = FE1161E6212A8A8500F9C8D2;
			productRefGroup = FE1161F0212A8A8500F9C8D2 /* Products */;
			projectDirPath = "";
			projectRoot = "";
			targets = (
				FE1161EE212A8A8500F9C8D2 /* Canvas */,
				FE116202212A8A8800F9C8D2 /* CanvasTests */,
				FE11620D212A8A8800F9C8D2 /* CanvasUITests */,
			);
		};
/* End PBXProject section */

/* Begin PBXResourcesBuildPhase section */
		FE1161ED212A8A8500F9C8D2 /* Resources */ = {
			isa = PBXResourcesBuildPhase;
			buildActionMask = 2147483647;
			files = (
				FE1161FD212A8A8800F9C8D2 /* LaunchScreen.storyboard in Resources */,
				FE1161FA212A8A8800F9C8D2 /* Assets.xcassets in Resources */,
				FE1161F8212A8A8500F9C8D2 /* Main.storyboard in Resources */,
			);
			runOnlyForDeploymentPostprocessing = 0;
		};
		FE116201212A8A8800F9C8D2 /* Resources */ = {
			isa = PBXResourcesBuildPhase;
			buildActionMask = 2147483647;
			files = (
			);
			runOnlyForDeploymentPostprocessing = 0;
		};
		FE11620C212A8A8800F9C8D2 /* Resources */ = {
			isa = PBXResourcesBuildPhase;
			buildActionMask = 2147483647;
			files = (
			);
			runOnlyForDeploymentPostprocessing = 0;
		};
/* End PBXResourcesBuildPhase section */

/* Begin PBXSourcesBuildPhase section */
		FE1161EB212A8A8500F9C8D2 /* Sources */ = {
			isa = PBXSourcesBuildPhase;
			buildActionMask = 2147483647;
			files = (
				FE1161F5212A8A8500F9C8D2 /* ViewController.swift in Sources */,
				FE1161F3212A8A8500F9C8D2 /* AppDelegate.swift in Sources */,
			);
			runOnlyForDeploymentPostprocessing = 0;
		};
		FE1161FF212A8A8800F9C8D2 /* Sources */ = {
			isa = PBXSourcesBuildPhase;
			buildActionMask = 2147483647;
			files = (
				FE116208212A8A8800F9C8D2 /* CanvasTests.swift in Sources */,
			);
			runOnlyForDeploymentPostprocessing = 0;
		};
		FE11620A212A8A8800F9C8D2 /* Sources */ = {
			isa = PBXSourcesBuildPhase;
			buildActionMask = 2147483647;
			files = (
				FE116213212A8A8800F9C8D2 /* CanvasUITests.swift in Sources */,
			);
			runOnlyForDeploymentPostprocessing = 0;
		};
/* End PBXSourcesBuildPhase section */

/* Begin PBXTargetDependency section */
		FE116205212A8A8800F9C8D2 /* PBXTargetDependency */ = {
			isa = PBXTargetDependency;
			target = FE1161EE212A8A8500F9C8D2 /* Canvas */;
			targetProxy = FE116204212A8A8800F9C8D2 /* PBXContainerItemProxy */;
		};
		FE116210212A8A8800F9C8D2 /* PBXTargetDependency */ = {
			isa = PBXTargetDependency;
			target = FE1161EE212A8A8500F9C8D2 /* Canvas */;
			targetProxy = FE11620F212A8A8800F9C8D2 /* PBXContainerItemProxy */;
		};
/* End PBXTargetDependency section */

/* Begin PBXVariantGroup section */
		FE1161F6212A8A8500F9C8D2 /* Main.storyboard */ = {
			isa = PBXVariantGroup;
			children = (
				FE1161F7212A8A8500F9C8D2 /* Base */,
			);
			name = Main.storyboard;
			sourceTree = "<group>";
		};
		FE1161FB212A8A8800F9C8D2 /* LaunchScreen.storyboard */ = {
			isa = PBXVariantGroup;
			children = (
				FE1161FC212A8A8800F9C8D2 /* Base */,
			);
			name = LaunchScreen.storyboard;
			sourceTree = "<group>";
		};
/* End PBXVariantGroup section */

/* Begin XCBuildConfiguration section */
		FE116215212A8A8800F9C8D2 /* Debug */ = {
			isa = XCBuildConfiguration;
			buildSettings = {
				ALWAYS_SEARCH_USER_PATHS = NO;
				CLANG_ANALYZER_NONNULL = YES;
				CLANG_ANALYZER_NUMBER_OBJECT_CONVERSION = YES_AGGRESSIVE;
				CLANG_CXX_LANGUAGE_STANDARD = "gnu++14";
				CLANG_CXX_LIBRARY = "libc++";
				CLANG_ENABLE_MODULES = YES;
				CLANG_ENABLE_OBJC_ARC = YES;
				CLANG_ENABLE_OBJC_WEAK = YES;
				CLANG_WARN_BLOCK_CAPTURE_AUTORELEASING = YES;
				CLANG_WARN_BOOL_CONVERSION = YES;
				CLANG_WARN_COMMA = YES;
				CLANG_WARN_CONSTANT_CONVERSION = YES;
				CLANG_WARN_DEPRECATED_OBJC_IMPLEMENTATIONS = YES;
				CLANG_WARN_DIRECT_OBJC_ISA_USAGE = YES_ERROR;
				CLANG_WARN_DOCUMENTATION_COMMENTS = YES;
				CLANG_WARN_EMPTY_BODY = YES;
				CLANG_WARN_ENUM_CONVERSION = YES;
				CLANG_WARN_INFINITE_RECURSION = YES;
				CLANG_WARN_INT_CONVERSION = YES;
				CLANG_WARN_NON_LITERAL_NULL_CONVERSION = YES;
				CLANG_WARN_OBJC_IMPLICIT_RETAIN_SELF = YES;
				CLANG_WARN_OBJC_LITERAL_CONVERSION = YES;
				CLANG_WARN_OBJC_ROOT_CLASS = YES_ERROR;
				CLANG_WARN_RANGE_LOOP_ANALYSIS = YES;
				CLANG_WARN_STRICT_PROTOTYPES = YES;
				CLANG_WARN_SUSPICIOUS_MOVE = YES;
				CLANG_WARN_UNGUARDED_AVAILABILITY = YES_AGGRESSIVE;
				CLANG_WARN_UNREACHABLE_CODE = YES;
				CLANG_WARN__DUPLICATE_METHOD_MATCH = YES;
				CODE_SIGN_IDENTITY = "iPhone Developer";
				COPY_PHASE_STRIP = NO;
				DEBUG_INFORMATION_FORMAT = dwarf;
				ENABLE_STRICT_OBJC_MSGSEND = YES;
				ENABLE_TESTABILITY = YES;
				GCC_C_LANGUAGE_STANDARD = gnu11;
				GCC_DYNAMIC_NO_PIC = NO;
				GCC_NO_COMMON_BLOCKS = YES;
				GCC_OPTIMIZATION_LEVEL = 0;
				GCC_PREPROCESSOR_DEFINITIONS = (
					"DEBUG=1",
					"$(inherited)",
				);
				GCC_WARN_64_TO_32_BIT_CONVERSION = YES;
				GCC_WARN_ABOUT_RETURN_TYPE = YES_ERROR;
				GCC_WARN_UNDECLARED_SELECTOR = YES;
				GCC_WARN_UNINITIALIZED_AUTOS = YES_AGGRESSIVE;
				GCC_WARN_UNUSED_FUNCTION = YES;
				GCC_WARN_UNUSED_VARIABLE = YES;
				IPHONEOS_DEPLOYMENT_TARGET = 11.4;
				MTL_ENABLE_DEBUG_INFO = YES;
				ONLY_ACTIVE_ARCH = YES;
				SDKROOT = iphoneos;
				SWIFT_ACTIVE_COMPILATION_CONDITIONS = DEBUG;
				SWIFT_OPTIMIZATION_LEVEL = "-Onone";
			};
			name = Debug;
		};
		FE116216212A8A8800F9C8D2 /* Release */ = {
			isa = XCBuildConfiguration;
			buildSettings = {
				ALWAYS_SEARCH_USER_PATHS = NO;
				CLANG_ANALYZER_NONNULL = YES;
				CLANG_ANALYZER_NUMBER_OBJECT_CONVERSION = YES_AGGRESSIVE;
				CLANG_CXX_LANGUAGE_STANDARD = "gnu++14";
				CLANG_CXX_LIBRARY = "libc++";
				CLANG_ENABLE_MODULES = YES;
				CLANG_ENABLE_OBJC_ARC = YES;
				CLANG_ENABLE_OBJC_WEAK = YES;
				CLANG_WARN_BLOCK_CAPTURE_AUTORELEASING = YES;
				CLANG_WARN_BOOL_CONVERSION = YES;
				CLANG_WARN_COMMA = YES;
				CLANG_WARN_CONSTANT_CONVERSION = YES;
				CLANG_WARN_DEPRECATED_OBJC_IMPLEMENTATIONS = YES;
				CLANG_WARN_DIRECT_OBJC_ISA_USAGE = YES_ERROR;
				CLANG_WARN_DOCUMENTATION_COMMENTS = YES;
				CLANG_WARN_EMPTY_BODY = YES;
				CLANG_WARN_ENUM_CONVERSION = YES;
				CLANG_WARN_INFINITE_RECURSION = YES;
				CLANG_WARN_INT_CONVERSION = YES;
				CLANG_WARN_NON_LITERAL_NULL_CONVERSION = YES;
				CLANG_WARN_OBJC_IMPLICIT_RETAIN_SELF = YES;
				CLANG_WARN_OBJC_LITERAL_CONVERSION = YES;
				CLANG_WARN_OBJC_ROOT_CLASS = YES_ERROR;
				CLANG_WARN_RANGE_LOOP_ANALYSIS = YES;
				CLANG_WARN_STRICT_PROTOTYPES = YES;
				CLANG_WARN_SUSPICIOUS_MOVE = YES;
				CLANG_WARN_UNGUARDED_AVAILABILITY = YES_AGGRESSIVE;
				CLANG_WARN_UNREACHABLE_CODE = YES;
				CLANG_WARN__DUPLICATE_METHOD_MATCH = YES;
				CODE_SIGN_IDENTITY = "iPhone Developer";
				COPY_PHASE_STRIP = NO;
				DEBUG_INFORMATION_FORMAT = "dwarf-with-dsym";
				ENABLE_NS_ASSERTIONS = NO;
				ENABLE_STRICT_OBJC_MSGSEND = YES;
				GCC_C_LANGUAGE_STANDARD = gnu11;
				GCC_NO_COMMON_BLOCKS = YES;
				GCC_WARN_64_TO_32_BIT_CONVERSION = YES;
				GCC_WARN_ABOUT_RETURN_TYPE = YES_ERROR;
				GCC_WARN_UNDECLARED_SELECTOR = YES;
				GCC_WARN_UNINITIALIZED_AUTOS = YES_AGGRESSIVE;
				GCC_WARN_UNUSED_FUNCTION = YES;
				GCC_WARN_UNUSED_VARIABLE = YES;
				IPHONEOS_DEPLOYMENT_TARGET = 11.4;
				MTL_ENABLE_DEBUG_INFO = NO;
				SDKROOT = iphoneos;
				SWIFT_COMPILATION_MODE = wholemodule;
				SWIFT_OPTIMIZATION_LEVEL = "-O";
				VALIDATE_PRODUCT = YES;
			};
			name = Release;
		};
		FE116218212A8A8800F9C8D2 /* Debug */ = {
			isa = XCBuildConfiguration;
			buildSettings = {
				ASSETCATALOG_COMPILER_APPICON_NAME = AppIcon;
				CODE_SIGN_STYLE = Automatic;
				DEVELOPMENT_TEAM = F2CT8PC58D;
				INFOPLIST_FILE = Canvas/Info.plist;
				LD_RUNPATH_SEARCH_PATHS = (
					"$(inherited)",
					"@executable_path/Frameworks",
				);
				PRODUCT_BUNDLE_IDENTIFIER = com.sachitha.Canvas;
				PRODUCT_NAME = "$(TARGET_NAME)";
				SWIFT_VERSION = 4.0;
				TARGETED_DEVICE_FAMILY = "1,2";
			};
			name = Debug;
		};
		FE116219212A8A8800F9C8D2 /* Release */ = {
			isa = XCBuildConfiguration;
			buildSettings = {
				ASSETCATALOG_COMPILER_APPICON_NAME = AppIcon;
				CODE_SIGN_STYLE = Automatic;
				DEVELOPMENT_TEAM = F2CT8PC58D;
				INFOPLIST_FILE = Canvas/Info.plist;
				LD_RUNPATH_SEARCH_PATHS = (
					"$(inherited)",
					"@executable_path/Frameworks",
				);
				PRODUCT_BUNDLE_IDENTIFIER = com.sachitha.Canvas;
				PRODUCT_NAME = "$(TARGET_NAME)";
				SWIFT_VERSION = 4.0;
				TARGETED_DEVICE_FAMILY = "1,2";
			};
			name = Release;
		};
		FE11621B212A8A8800F9C8D2 /* Debug */ = {
			isa = XCBuildConfiguration;
			buildSettings = {
				ALWAYS_EMBED_SWIFT_STANDARD_LIBRARIES = YES;
				BUNDLE_LOADER = "$(TEST_HOST)";
				CODE_SIGN_STYLE = Automatic;
				DEVELOPMENT_TEAM = F2CT8PC58D;
				INFOPLIST_FILE = CanvasTests/Info.plist;
				LD_RUNPATH_SEARCH_PATHS = (
					"$(inherited)",
					"@executable_path/Frameworks",
					"@loader_path/Frameworks",
				);
				PRODUCT_BUNDLE_IDENTIFIER = com.sachitha.CanvasTests;
				PRODUCT_NAME = "$(TARGET_NAME)";
				SWIFT_VERSION = 4.0;
				TARGETED_DEVICE_FAMILY = "1,2";
				TEST_HOST = "$(BUILT_PRODUCTS_DIR)/Canvas.app/Canvas";
			};
			name = Debug;
		};
		FE11621C212A8A8800F9C8D2 /* Release */ = {
			isa = XCBuildConfiguration;
			buildSettings = {
				ALWAYS_EMBED_SWIFT_STANDARD_LIBRARIES = YES;
				BUNDLE_LOADER = "$(TEST_HOST)";
				CODE_SIGN_STYLE = Automatic;
				DEVELOPMENT_TEAM = F2CT8PC58D;
				INFOPLIST_FILE = CanvasTests/Info.plist;
				LD_RUNPATH_SEARCH_PATHS = (
					"$(inherited)",
					"@executable_path/Frameworks",
					"@loader_path/Frameworks",
				);
				PRODUCT_BUNDLE_IDENTIFIER = com.sachitha.CanvasTests;
				PRODUCT_NAME = "$(TARGET_NAME)";
				SWIFT_VERSION = 4.0;
				TARGETED_DEVICE_FAMILY = "1,2";
				TEST_HOST = "$(BUILT_PRODUCTS_DIR)/Canvas.app/Canvas";
			};
			name = Release;
		};
		FE11621E212A8A8800F9C8D2 /* Debug */ = {
			isa = XCBuildConfiguration;
			buildSettings = {
				ALWAYS_EMBED_SWIFT_STANDARD_LIBRARIES = YES;
				CODE_SIGN_STYLE = Automatic;
				DEVELOPMENT_TEAM = F2CT8PC58D;
				INFOPLIST_FILE = CanvasUITests/Info.plist;
				LD_RUNPATH_SEARCH_PATHS = (
					"$(inherited)",
					"@executable_path/Frameworks",
					"@loader_path/Frameworks",
				);
				PRODUCT_BUNDLE_IDENTIFIER = com.sachitha.CanvasUITests;
				PRODUCT_NAME = "$(TARGET_NAME)";
				SWIFT_VERSION = 4.0;
				TARGETED_DEVICE_FAMILY = "1,2";
				TEST_TARGET_NAME = Canvas;
			};
			name = Debug;
		};
		FE11621F212A8A8800F9C8D2 /* Release */ = {
			isa = XCBuildConfiguration;
			buildSettings = {
				ALWAYS_EMBED_SWIFT_STANDARD_LIBRARIES = YES;
				CODE_SIGN_STYLE = Automatic;
				DEVELOPMENT_TEAM = F2CT8PC58D;
				INFOPLIST_FILE = CanvasUITests/Info.plist;
				LD_RUNPATH_SEARCH_PATHS = (
					"$(inherited)",
					"@executable_path/Frameworks",
					"@loader_path/Frameworks",
				);
				PRODUCT_BUNDLE_IDENTIFIER = com.sachitha.CanvasUITests;
				PRODUCT_NAME = "$(TARGET_NAME)";
				SWIFT_VERSION = 4.0;
				TARGETED_DEVICE_FAMILY = "1,2";
				TEST_TARGET_NAME = Canvas;
			};
			name = Release;
		};
/* End XCBuildConfiguration section */

/* Begin XCConfigurationList section */
		FE1161EA212A8A8500F9C8D2 /* Build configuration list for PBXProject "Canvas" */ = {
			isa = XCConfigurationList;
			buildConfigurations = (
				FE116215212A8A8800F9C8D2 /* Debug */,
				FE116216212A8A8800F9C8D2 /* Release */,
			);
			defaultConfigurationIsVisible = 0;
			defaultConfigurationName = Release;
		};
		FE116217212A8A8800F9C8D2 /* Build configuration list for PBXNativeTarget "Canvas" */ = {
			isa = XCConfigurationList;
			buildConfigurations = (
				FE116218212A8A8800F9C8D2 /* Debug */,
				FE116219212A8A8800F9C8D2 /* Release */,
			);
			defaultConfigurationIsVisible = 0;
			defaultConfigurationName = Release;
		};
		FE11621A212A8A8800F9C8D2 /* Build configuration list for PBXNativeTarget "CanvasTests" */ = {
			isa = XCConfigurationList;
			buildConfigurations = (
				FE11621B212A8A8800F9C8D2 /* Debug */,
				FE11621C212A8A8800F9C8D2 /* Release */,
			);
			defaultConfigurationIsVisible = 0;
			defaultConfigurationName = Release;
		};
		FE11621D212A8A8800F9C8D2 /* Build configuration list for PBXNativeTarget "CanvasUITests" */ = {
			isa = XCConfigurationList;
			buildConfigurations = (
				FE11621E212A8A8800F9C8D2 /* Debug */,
				FE11621F212A8A8800F9C8D2 /* Release */,
			);
			defaultConfigurationIsVisible = 0;
			defaultConfigurationName = Release;
		};
/* End XCConfigurationList section */
	};
	rootObject = FE1161E7212A8A8500F9C8D2 /* Project object */;
}
